<?xml version="1.0" encoding="utf-8"?>
<Project ToolsVersion="4.0" xmlns="http://schemas.microsoft.com/developer/msbuild/2003">
  <ItemGroup>
    <Filter Include="Test">
      <UniqueIdentifier>{924ae0b4-6393-4472-b106-b3a9cae62f48}</UniqueIdentifier>
    </Filter>
    <Filter Include="Test\Event">
      <UniqueIdentifier>{6d12829e-af3d-4150-b6e6-40e468a1ec75}</UniqueIdentifier>
    </Filter>
  </ItemGroup>
  <ItemGroup>
    <ClCompile Include="Test\Event\Event_test.cpp">
      <Filter>Test\Event</Filter>
    </ClCompile>
  </ItemGroup>
  <ItemGroup>
    <None Include="packages.config" />
  </ItemGroup>
</Project>