<?xml version="1.0" encoding="utf-8"?>
<Project ToolsVersion="4.0" xmlns="http://schemas.microsoft.com/developer/msbuild/2003">
  <ItemGroup>
    <ClCompile Include="main.cpp" />
    <ClCompile Include="Network\TcpClient.cpp">
      <Filter>Network</Filter>
    </ClCompile>
    <ClCompile Include="Network\TcpServer.cpp">
      <Filter>Network</Filter>
    </ClCompile>
    <ClCompile Include="Network\TcpSocket.cpp">
      <Filter>Network</Filter>
    </ClCompile>
    <ClCompile Include="Node\ServerHandler.cpp">
      <Filter>Node</Filter>
    </ClCompile>
  </ItemGroup>
  <ItemGroup>
    <Filter Include="Event">
      <UniqueIdentifier>{3f225f30-1e7e-4e53-9b02-e0d18a4e2b09}</UniqueIdentifier>
    </Filter>
    <Filter Include="Node">
      <UniqueIdentifier>{d537925e-9913-4302-86ec-7f006f61a478}</UniqueIdentifier>
    </Filter>
    <Filter Include="Network">
      <UniqueIdentifier>{41b32c0c-62b2-450e-ad2d-fa16dd89f769}</UniqueIdentifier>
    </Filter>
    <Filter Include="Network\Exceptions">
      <UniqueIdentifier>{de7e0352-e643-456c-8d7c-2e52569da465}</UniqueIdentifier>
    </Filter>
    <Filter Include="Event\ServerEvents">
      <UniqueIdentifier>{70e9a22b-94f5-4b72-9fbf-f2dd0325942e}</UniqueIdentifier>
    </Filter>
  </ItemGroup>
  <ItemGroup>
    <ClInclude Include="Network\Socket.hpp">
      <Filter>Network</Filter>
    </ClInclude>
    <ClInclude Include="Network\TcpClient.hpp">
      <Filter>Network</Filter>
    </ClInclude>
    <ClInclude Include="Network\TcpServer.hpp">
      <Filter>Network</Filter>
    </ClInclude>
    <ClInclude Include="Network\TcpSocket.hpp">
      <Filter>Network</Filter>
    </ClInclude>
    <ClInclude Include="Network\Exceptions\TcpExceptions.hpp">
      <Filter>Network\Exceptions</Filter>
    </ClInclude>
    <ClInclude Include="Node\ServerHandler.hpp">
      <Filter>Node</Filter>
    </ClInclude>
    <ClInclude Include="Event\EventArgs.hpp">
      <Filter>Event</Filter>
    </ClInclude>
    <ClInclude Include="Event\ServerEvents\ServerEventArgs.hpp">
      <Filter>Event\ServerEvents</Filter>
    </ClInclude>
    <ClInclude Include="Event\ServerEvents\ServerEventTypes.hpp">
      <Filter>Event\ServerEvents</Filter>
    </ClInclude>
    <ClInclude Include="Event\Event.hpp">
      <Filter>Event</Filter>
    </ClInclude>
  </ItemGroup>
  <ItemGroup>
    <None Include="ClassDiagram.cd" />
  </ItemGroup>
</Project>